
Microsoft Visual Studio Solution File, Format Version 12.00
# Visual Studio Version 17
VisualStudioVersion = 17.7.34031.279
MinimumVisualStudioVersion = 10.0.40219.1
Project("{8BC9CEB8-8B4A-11D0-8D11-00A0C91BC942}") = "laba6.1(2)", "laba6.1(2)\laba6.1(2).vcxproj", "{D0D547ED-6494-4729-BC5D-57C69E949732}"
EndProject
Project("{8BC9CEB8-8B4A-11D0-8D11-00A0C91BC942}") = "UnitTest1", "UnitTest1\UnitTest1.vcxproj", "{45F5C3E0-8C54-46B3-B6C8-BFFF194F8E38}"
EndProject
Global
	GlobalSection(SolutionConfigurationPlatforms) = preSolution
		Debug|x64 = Debug|x64
		Debug|x86 = Debug|x86
		Release|x64 = Release|x64
		Release|x86 = Release|x86
	EndGlobalSection
	GlobalSection(ProjectConfigurationPlatforms) = postSolution
		{D0D547ED-6494-4729-BC5D-57C69E949732}.Debug|x64.ActiveCfg = Debug|x64
		{D0D547ED-6494-4729-BC5D-57C69E949732}.Debug|x64.Build.0 = Debug|x64
		{D0D547ED-6494-4729-BC5D-57C69E949732}.Debug|x86.ActiveCfg = Debug|Win32
		{D0D547ED-6494-4729-BC5D-57C69E949732}.Debug|x86.Build.0 = Debug|Win32
		{D0D547ED-6494-4729-BC5D-57C69E949732}.Release|x64.ActiveCfg = Release|x64
		{D0D547ED-6494-4729-BC5D-57C69E949732}.Release|x64.Build.0 = Release|x64
		{D0D547ED-6494-4729-BC5D-57C69E949732}.Release|x86.ActiveCfg = Release|Win32
		{D0D547ED-6494-4729-BC5D-57C69E949732}.Release|x86.Build.0 = Release|Win32
		{45F5C3E0-8C54-46B3-B6C8-BFFF194F8E38}.Debug|x64.ActiveCfg = Debug|x64
		{45F5C3E0-8C54-46B3-B6C8-BFFF194F8E38}.Debug|x64.Build.0 = Debug|x64
		{45F5C3E0-8C54-46B3-B6C8-BFFF194F8E38}.Debug|x86.ActiveCfg = Debug|Win32
		{45F5C3E0-8C54-46B3-B6C8-BFFF194F8E38}.Debug|x86.Build.0 = Debug|Win32
		{45F5C3E0-8C54-46B3-B6C8-BFFF194F8E38}.Release|x64.ActiveCfg = Release|x64
		{45F5C3E0-8C54-46B3-B6C8-BFFF194F8E38}.Release|x64.Build.0 = Release|x64
		{45F5C3E0-8C54-46B3-B6C8-BFFF194F8E38}.Release|x86.ActiveCfg = Release|Win32
		{45F5C3E0-8C54-46B3-B6C8-BFFF194F8E38}.Release|x86.Build.0 = Release|Win32
	EndGlobalSection
	GlobalSection(SolutionProperties) = preSolution
		HideSolutionNode = FALSE
	EndGlobalSection
	GlobalSection(ExtensibilityGlobals) = postSolution
		SolutionGuid = {AFC5BD11-3F44-47F1-BCD6-DBD0FAC28E26}
	EndGlobalSection
EndGlobal
